
Microsoft Visual Studio Solution File, Format Version 12.00
# Visual Studio Version 16
VisualStudioVersion = 16.0.31410.357
MinimumVisualStudioVersion = 10.0.40219.1
Project("{9A19103F-16F7-4668-BE54-9A1E7A4F7556}") = "Divison W Remainder", "Divison W Remainder.csproj", "{FFFFCCFB-E3DF-4158-A4D4-C9C60B7DBDAA}"
EndProject
Global
	GlobalSection(SolutionConfigurationPlatforms) = preSolution
		Debug|Any CPU = Debug|Any CPU
		Release|Any CPU = Release|Any CPU
	EndGlobalSection
	GlobalSection(ProjectConfigurationPlatforms) = postSolution
		{FFFFCCFB-E3DF-4158-A4D4-C9C60B7DBDAA}.Debug|Any CPU.ActiveCfg = Debug|Any CPU
		{FFFFCCFB-E3DF-4158-A4D4-C9C60B7DBDAA}.Debug|Any CPU.Build.0 = Debug|Any CPU
		{FFFFCCFB-E3DF-4158-A4D4-C9C60B7DBDAA}.Release|Any CPU.ActiveCfg = Release|Any CPU
		{FFFFCCFB-E3DF-4158-A4D4-C9C60B7DBDAA}.Release|Any CPU.Build.0 = Release|Any CPU
	EndGlobalSection
	GlobalSection(SolutionProperties) = preSolution
		HideSolutionNode = FALSE
	EndGlobalSection
	GlobalSection(ExtensibilityGlobals) = postSolution
		SolutionGuid = {C0A5AC3B-D570-4EAB-981C-D522212D9DE1}
	EndGlobalSection
EndGlobal
